// !$*UTF8*$!
{
	archiveVersion = 1;
	classes = {
	};
	objectVersion = 56;
	objects = {

/* Begin PBXBuildFile section */
		0A3DA7D62B7118B90096F982 /* KeychainProvider in Frameworks */ = {isa = PBXBuildFile; productRef = 0A3DA7D52B7118B90096F982 /* KeychainProvider */; };
		0A3DA7DB2B7119EE0096F982 /* Utilities in Frameworks */ = {isa = PBXBuildFile; productRef = 0A3DA7DA2B7119EE0096F982 /* Utilities */; };
		0A420D432B65BE6C00B8914C /* UIToolkit in Frameworks */ = {isa = PBXBuildFile; productRef = 0A420D422B65BE6C00B8914C /* UIToolkit */; };
		0A420D482B65BE7C00B8914C /* Factory in Frameworks */ = {isa = PBXBuildFile; productRef = 0A420D472B65BE7C00B8914C /* Factory */; };
		0A571B462B711F86006A3932 /* UserDefaultsProvider in Frameworks */ = {isa = PBXBuildFile; productRef = 0A571B452B711F86006A3932 /* UserDefaultsProvider */; };
		0A571B482B711FC3006A3932 /* DependencyInjection in Frameworks */ = {isa = PBXBuildFile; productRef = 0A571B472B711FC3006A3932 /* DependencyInjection */; };
		0ADCCC2C2B65A76B008E8249 /* StudentChronoTests.swift in Sources */ = {isa = PBXBuildFile; fileRef = 0ADCCC2B2B65A76B008E8249 /* StudentChronoTests.swift */; };
		0ADCCC362B65A76B008E8249 /* StudentChronoUITests.swift in Sources */ = {isa = PBXBuildFile; fileRef = 0ADCCC352B65A76B008E8249 /* StudentChronoUITests.swift */; };
		0ADCCC382B65A76B008E8249 /* StudentChronoUITestsLaunchTests.swift in Sources */ = {isa = PBXBuildFile; fileRef = 0ADCCC372B65A76B008E8249 /* StudentChronoUITestsLaunchTests.swift */; };
		0ADCCC4C2B65A88A008E8249 /* AppIcon.xcassets in Resources */ = {isa = PBXBuildFile; fileRef = 0ADCCC4B2B65A88A008E8249 /* AppIcon.xcassets */; };
		0ADCCC562B65A8E3008E8249 /* InfoPlist.strings in Resources */ = {isa = PBXBuildFile; fileRef = 0ADCCC4E2B65A8E3008E8249 /* InfoPlist.strings */; };
		0ADCCC5B2B65A99F008E8249 /* LaunchScreen.storyboard in Resources */ = {isa = PBXBuildFile; fileRef = 0ADCCC5A2B65A99F008E8249 /* LaunchScreen.storyboard */; };
		0ADCCC5E2B65B197008E8249 /* AppDelegate.swift in Sources */ = {isa = PBXBuildFile; fileRef = 0ADCCC5D2B65B197008E8249 /* AppDelegate.swift */; };
		0ADCCC602B65B1F4008E8249 /* AppFlowController.swift in Sources */ = {isa = PBXBuildFile; fileRef = 0ADCCC5F2B65B1F4008E8249 /* AppFlowController.swift */; };
		0ADCCC652B65B21E008E8249 /* MainFlowController.swift in Sources */ = {isa = PBXBuildFile; fileRef = 0ADCCC642B65B21E008E8249 /* MainFlowController.swift */; };
		0ADCCC682B65B239008E8249 /* UserFlowController.swift in Sources */ = {isa = PBXBuildFile; fileRef = 0ADCCC672B65B239008E8249 /* UserFlowController.swift */; };
		0ADCCC6A2B65B24A008E8249 /* UserView.swift in Sources */ = {isa = PBXBuildFile; fileRef = 0ADCCC692B65B24A008E8249 /* UserView.swift */; };
		0ADCCC6C2B65B258008E8249 /* UserViewModel.swift in Sources */ = {isa = PBXBuildFile; fileRef = 0ADCCC6B2B65B258008E8249 /* UserViewModel.swift */; };
/* End PBXBuildFile section */

/* Begin PBXContainerItemProxy section */
		0ADCCC282B65A76B008E8249 /* PBXContainerItemProxy */ = {
			isa = PBXContainerItemProxy;
			containerPortal = 0ADCCC0D2B65A76A008E8249 /* Project object */;
			proxyType = 1;
			remoteGlobalIDString = 0ADCCC142B65A76A008E8249;
			remoteInfo = StudentChrono;
		};
		0ADCCC322B65A76B008E8249 /* PBXContainerItemProxy */ = {
			isa = PBXContainerItemProxy;
			containerPortal = 0ADCCC0D2B65A76A008E8249 /* Project object */;
			proxyType = 1;
			remoteGlobalIDString = 0ADCCC142B65A76A008E8249;
			remoteInfo = StudentChrono;
		};
/* End PBXContainerItemProxy section */

/* Begin PBXFileReference section */
		0A0833CC2B710A0800F29FB8 /* KeychainProvider */ = {isa = PBXFileReference; lastKnownFileType = wrapper; name = KeychainProvider; path = DataLayer/Providers/KeychainProvider; sourceTree = SOURCE_ROOT; };
		0A3DA7D72B7119130096F982 /* Utilities */ = {isa = PBXFileReference; lastKnownFileType = wrapper; path = Utilities; sourceTree = "<group>"; };
		0A571B432B711CAB006A3932 /* UserDefaultsProvider */ = {isa = PBXFileReference; lastKnownFileType = wrapper; path = UserDefaultsProvider; sourceTree = "<group>"; };
		0A571B442B711CE4006A3932 /* DependencyInjection */ = {isa = PBXFileReference; lastKnownFileType = wrapper; path = DependencyInjection; sourceTree = "<group>"; };
		0A571B4A2B7122DD006A3932 /* NetworkProvider */ = {isa = PBXFileReference; lastKnownFileType = wrapper; path = NetworkProvider; sourceTree = "<group>"; };
		0ADCCC152B65A76A008E8249 /* StudentChrono.app */ = {isa = PBXFileReference; explicitFileType = wrapper.application; includeInIndex = 0; path = StudentChrono.app; sourceTree = BUILT_PRODUCTS_DIR; };
		0ADCCC272B65A76B008E8249 /* StudentChronoTests.xctest */ = {isa = PBXFileReference; explicitFileType = wrapper.cfbundle; includeInIndex = 0; path = StudentChronoTests.xctest; sourceTree = BUILT_PRODUCTS_DIR; };
		0ADCCC2B2B65A76B008E8249 /* StudentChronoTests.swift */ = {isa = PBXFileReference; lastKnownFileType = sourcecode.swift; path = StudentChronoTests.swift; sourceTree = "<group>"; };
		0ADCCC312B65A76B008E8249 /* StudentChronoUITests.xctest */ = {isa = PBXFileReference; explicitFileType = wrapper.cfbundle; includeInIndex = 0; path = StudentChronoUITests.xctest; sourceTree = BUILT_PRODUCTS_DIR; };
		0ADCCC352B65A76B008E8249 /* StudentChronoUITests.swift */ = {isa = PBXFileReference; lastKnownFileType = sourcecode.swift; path = StudentChronoUITests.swift; sourceTree = "<group>"; };
		0ADCCC372B65A76B008E8249 /* StudentChronoUITestsLaunchTests.swift */ = {isa = PBXFileReference; lastKnownFileType = sourcecode.swift; path = StudentChronoUITestsLaunchTests.swift; sourceTree = "<group>"; };
		0ADCCC492B65A80F008E8249 /* Beta.entitlements */ = {isa = PBXFileReference; lastKnownFileType = text.plist.entitlements; path = Beta.entitlements; sourceTree = "<group>"; };
		0ADCCC4A2B65A84D008E8249 /* Prod.entitlements */ = {isa = PBXFileReference; lastKnownFileType = text.plist.entitlements; path = Prod.entitlements; sourceTree = "<group>"; };
		0ADCCC4B2B65A88A008E8249 /* AppIcon.xcassets */ = {isa = PBXFileReference; lastKnownFileType = folder.assetcatalog; path = AppIcon.xcassets; sourceTree = "<group>"; };
		0ADCCC4F2B65A8E3008E8249 /* en */ = {isa = PBXFileReference; lastKnownFileType = text.plist.strings; name = en; path = en.lproj/InfoPlist.strings; sourceTree = "<group>"; };
		0ADCCC522B65A8E3008E8249 /* cs */ = {isa = PBXFileReference; lastKnownFileType = text.plist.strings; name = cs; path = cs.lproj/InfoPlist.strings; sourceTree = "<group>"; };
		0ADCCC532B65A8E3008E8249 /* Base */ = {isa = PBXFileReference; lastKnownFileType = text.plist.strings; name = Base; path = Base.lproj/InfoPlist.strings; sourceTree = "<group>"; };
		0ADCCC542B65A8E3008E8249 /* PrivacyInfo.xcprivacy */ = {isa = PBXFileReference; fileEncoding = 4; lastKnownFileType = text.xml; path = PrivacyInfo.xcprivacy; sourceTree = "<group>"; };
		0ADCCC552B65A8E3008E8249 /* Info.plist */ = {isa = PBXFileReference; fileEncoding = 4; lastKnownFileType = text.plist.xml; path = Info.plist; sourceTree = "<group>"; };
		0ADCCC5A2B65A99F008E8249 /* LaunchScreen.storyboard */ = {isa = PBXFileReference; fileEncoding = 4; lastKnownFileType = file.storyboard; path = LaunchScreen.storyboard; sourceTree = "<group>"; };
		0ADCCC5D2B65B197008E8249 /* AppDelegate.swift */ = {isa = PBXFileReference; lastKnownFileType = sourcecode.swift; path = AppDelegate.swift; sourceTree = "<group>"; };
		0ADCCC5F2B65B1F4008E8249 /* AppFlowController.swift */ = {isa = PBXFileReference; lastKnownFileType = sourcecode.swift; path = AppFlowController.swift; sourceTree = "<group>"; };
		0ADCCC642B65B21E008E8249 /* MainFlowController.swift */ = {isa = PBXFileReference; lastKnownFileType = sourcecode.swift; path = MainFlowController.swift; sourceTree = "<group>"; };
		0ADCCC672B65B239008E8249 /* UserFlowController.swift */ = {isa = PBXFileReference; lastKnownFileType = sourcecode.swift; path = UserFlowController.swift; sourceTree = "<group>"; };
		0ADCCC692B65B24A008E8249 /* UserView.swift */ = {isa = PBXFileReference; lastKnownFileType = sourcecode.swift; path = UserView.swift; sourceTree = "<group>"; };
		0ADCCC6B2B65B258008E8249 /* UserViewModel.swift */ = {isa = PBXFileReference; lastKnownFileType = sourcecode.swift; path = UserViewModel.swift; sourceTree = "<group>"; };
		0ADCCC6E2B65B2FD008E8249 /* UIToolkit */ = {isa = PBXFileReference; lastKnownFileType = wrapper; path = UIToolkit; sourceTree = "<group>"; };
/* End PBXFileReference section */

/* Begin PBXFrameworksBuildPhase section */
		0ADCCC122B65A76A008E8249 /* Frameworks */ = {
			isa = PBXFrameworksBuildPhase;
			buildActionMask = 2147483647;
			files = (
				0A571B462B711F86006A3932 /* UserDefaultsProvider in Frameworks */,
				0A420D482B65BE7C00B8914C /* Factory in Frameworks */,
				0A3DA7DB2B7119EE0096F982 /* Utilities in Frameworks */,
				0A571B482B711FC3006A3932 /* DependencyInjection in Frameworks */,
				0A420D432B65BE6C00B8914C /* UIToolkit in Frameworks */,
				0A3DA7D62B7118B90096F982 /* KeychainProvider in Frameworks */,
			);
			runOnlyForDeploymentPostprocessing = 0;
		};
		0ADCCC242B65A76B008E8249 /* Frameworks */ = {
			isa = PBXFrameworksBuildPhase;
			buildActionMask = 2147483647;
			files = (
			);
			runOnlyForDeploymentPostprocessing = 0;
		};
		0ADCCC2E2B65A76B008E8249 /* Frameworks */ = {
			isa = PBXFrameworksBuildPhase;
			buildActionMask = 2147483647;
			files = (
			);
			runOnlyForDeploymentPostprocessing = 0;
		};
/* End PBXFrameworksBuildPhase section */

/* Begin PBXGroup section */
		0A0833CE2B710D3800F29FB8 /* Providers */ = {
			isa = PBXGroup;
			children = (
				0A571B4A2B7122DD006A3932 /* NetworkProvider */,
				0A571B432B711CAB006A3932 /* UserDefaultsProvider */,
				0A0833CC2B710A0800F29FB8 /* KeychainProvider */,
			);
			path = Providers;
			sourceTree = "<group>";
		};
		0A0833CF2B710D4900F29FB8 /* Toolkits */ = {
			isa = PBXGroup;
			children = (
			);
			path = Toolkits;
			sourceTree = "<group>";
		};
		0A420D3D2B65B8D700B8914C /* Frameworks */ = {
			isa = PBXGroup;
			children = (
			);
			name = Frameworks;
			sourceTree = "<group>";
		};
		0ADCCC0C2B65A76A008E8249 = {
			isa = PBXGroup;
			children = (
				0ADCCC442B65A798008E8249 /* Application */,
				0ADCCC452B65A7A3008E8249 /* PresentationLayer */,
				0ADCCC462B65A7B0008E8249 /* DomainLayer */,
				0ADCCC472B65A7C2008E8249 /* DataLayer */,
				0ADCCC2A2B65A76B008E8249 /* StudentChronoTests */,
				0ADCCC342B65A76B008E8249 /* StudentChronoUITests */,
				0ADCCC162B65A76A008E8249 /* Products */,
				0A420D3D2B65B8D700B8914C /* Frameworks */,
			);
			sourceTree = "<group>";
		};
		0ADCCC162B65A76A008E8249 /* Products */ = {
			isa = PBXGroup;
			children = (
				0ADCCC152B65A76A008E8249 /* StudentChrono.app */,
				0ADCCC272B65A76B008E8249 /* StudentChronoTests.xctest */,
				0ADCCC312B65A76B008E8249 /* StudentChronoUITests.xctest */,
			);
			name = Products;
			sourceTree = "<group>";
		};
		0ADCCC2A2B65A76B008E8249 /* StudentChronoTests */ = {
			isa = PBXGroup;
			children = (
				0ADCCC2B2B65A76B008E8249 /* StudentChronoTests.swift */,
			);
			path = StudentChronoTests;
			sourceTree = "<group>";
		};
		0ADCCC342B65A76B008E8249 /* StudentChronoUITests */ = {
			isa = PBXGroup;
			children = (
				0ADCCC352B65A76B008E8249 /* StudentChronoUITests.swift */,
				0ADCCC372B65A76B008E8249 /* StudentChronoUITestsLaunchTests.swift */,
			);
			path = StudentChronoUITests;
			sourceTree = "<group>";
		};
		0ADCCC442B65A798008E8249 /* Application */ = {
			isa = PBXGroup;
			children = (
				0A571B442B711CE4006A3932 /* DependencyInjection */,
				0ADCCC482B65A7DC008E8249 /* Entitlements */,
				0ADCCC4D2B65A8E3008E8249 /* Info */,
				0ADCCC4B2B65A88A008E8249 /* AppIcon.xcassets */,
				0ADCCC5A2B65A99F008E8249 /* LaunchScreen.storyboard */,
				0ADCCC5D2B65B197008E8249 /* AppDelegate.swift */,
				0ADCCC5F2B65B1F4008E8249 /* AppFlowController.swift */,
				0ADCCC642B65B21E008E8249 /* MainFlowController.swift */,
				0ADCCC662B65B22D008E8249 /* TEMP */,
			);
			path = Application;
			sourceTree = "<group>";
		};
		0ADCCC452B65A7A3008E8249 /* PresentationLayer */ = {
			isa = PBXGroup;
			children = (
				0ADCCC6E2B65B2FD008E8249 /* UIToolkit */,
			);
			path = PresentationLayer;
			sourceTree = "<group>";
		};
		0ADCCC462B65A7B0008E8249 /* DomainLayer */ = {
			isa = PBXGroup;
			children = (
				0A3DA7D72B7119130096F982 /* Utilities */,
			);
			path = DomainLayer;
			sourceTree = "<group>";
		};
		0ADCCC472B65A7C2008E8249 /* DataLayer */ = {
			isa = PBXGroup;
			children = (
				0A0833CE2B710D3800F29FB8 /* Providers */,
				0A0833CF2B710D4900F29FB8 /* Toolkits */,
			);
			path = DataLayer;
			sourceTree = "<group>";
		};
		0ADCCC482B65A7DC008E8249 /* Entitlements */ = {
			isa = PBXGroup;
			children = (
				0ADCCC492B65A80F008E8249 /* Beta.entitlements */,
				0ADCCC4A2B65A84D008E8249 /* Prod.entitlements */,
			);
			path = Entitlements;
			sourceTree = "<group>";
		};
		0ADCCC4D2B65A8E3008E8249 /* Info */ = {
			isa = PBXGroup;
			children = (
				0ADCCC552B65A8E3008E8249 /* Info.plist */,
				0ADCCC4E2B65A8E3008E8249 /* InfoPlist.strings */,
				0ADCCC542B65A8E3008E8249 /* PrivacyInfo.xcprivacy */,
			);
			path = Info;
			sourceTree = "<group>";
		};
		0ADCCC662B65B22D008E8249 /* TEMP */ = {
			isa = PBXGroup;
			children = (
				0ADCCC672B65B239008E8249 /* UserFlowController.swift */,
				0ADCCC692B65B24A008E8249 /* UserView.swift */,
				0ADCCC6B2B65B258008E8249 /* UserViewModel.swift */,
			);
			path = TEMP;
			sourceTree = "<group>";
		};
/* End PBXGroup section */

/* Begin PBXNativeTarget section */
		0ADCCC142B65A76A008E8249 /* StudentChrono */ = {
			isa = PBXNativeTarget;
			buildConfigurationList = 0ADCCC3B2B65A76B008E8249 /* Build configuration list for PBXNativeTarget "StudentChrono" */;
			buildPhases = (
				0ADCCC112B65A76A008E8249 /* Sources */,
				0ADCCC122B65A76A008E8249 /* Frameworks */,
				0ADCCC132B65A76A008E8249 /* Resources */,
			);
			buildRules = (
			);
			dependencies = (
			);
			name = StudentChrono;
			packageProductDependencies = (
				0A420D422B65BE6C00B8914C /* UIToolkit */,
				0A420D472B65BE7C00B8914C /* Factory */,
				0A3DA7D52B7118B90096F982 /* KeychainProvider */,
				0A3DA7DA2B7119EE0096F982 /* Utilities */,
				0A571B452B711F86006A3932 /* UserDefaultsProvider */,
				0A571B472B711FC3006A3932 /* DependencyInjection */,
			);
			productName = StudentChrono;
			productReference = 0ADCCC152B65A76A008E8249 /* StudentChrono.app */;
			productType = "com.apple.product-type.application";
		};
		0ADCCC262B65A76B008E8249 /* StudentChronoTests */ = {
			isa = PBXNativeTarget;
			buildConfigurationList = 0ADCCC3E2B65A76B008E8249 /* Build configuration list for PBXNativeTarget "StudentChronoTests" */;
			buildPhases = (
				0ADCCC232B65A76B008E8249 /* Sources */,
				0ADCCC242B65A76B008E8249 /* Frameworks */,
				0ADCCC252B65A76B008E8249 /* Resources */,
			);
			buildRules = (
			);
			dependencies = (
				0ADCCC292B65A76B008E8249 /* PBXTargetDependency */,
			);
			name = StudentChronoTests;
			productName = StudentChronoTests;
			productReference = 0ADCCC272B65A76B008E8249 /* StudentChronoTests.xctest */;
			productType = "com.apple.product-type.bundle.unit-test";
		};
		0ADCCC302B65A76B008E8249 /* StudentChronoUITests */ = {
			isa = PBXNativeTarget;
			buildConfigurationList = 0ADCCC412B65A76B008E8249 /* Build configuration list for PBXNativeTarget "StudentChronoUITests" */;
			buildPhases = (
				0ADCCC2D2B65A76B008E8249 /* Sources */,
				0ADCCC2E2B65A76B008E8249 /* Frameworks */,
				0ADCCC2F2B65A76B008E8249 /* Resources */,
			);
			buildRules = (
			);
			dependencies = (
				0ADCCC332B65A76B008E8249 /* PBXTargetDependency */,
			);
			name = StudentChronoUITests;
			productName = StudentChronoUITests;
			productReference = 0ADCCC312B65A76B008E8249 /* StudentChronoUITests.xctest */;
			productType = "com.apple.product-type.bundle.ui-testing";
		};
/* End PBXNativeTarget section */

/* Begin PBXProject section */
		0ADCCC0D2B65A76A008E8249 /* Project object */ = {
			isa = PBXProject;
			attributes = {
				BuildIndependentTargetsInParallel = 1;
				LastSwiftUpdateCheck = 1520;
				LastUpgradeCheck = 1520;
				TargetAttributes = {
					0ADCCC142B65A76A008E8249 = {
						CreatedOnToolsVersion = 15.2;
						LastSwiftMigration = 1520;
					};
					0ADCCC262B65A76B008E8249 = {
						CreatedOnToolsVersion = 15.2;
						TestTargetID = 0ADCCC142B65A76A008E8249;
					};
					0ADCCC302B65A76B008E8249 = {
						CreatedOnToolsVersion = 15.2;
						TestTargetID = 0ADCCC142B65A76A008E8249;
					};
				};
			};
			buildConfigurationList = 0ADCCC102B65A76A008E8249 /* Build configuration list for PBXProject "StudentChrono" */;
			compatibilityVersion = "Xcode 14.0";
			developmentRegion = en;
			hasScannedForEncodings = 0;
			knownRegions = (
				en,
				Base,
				cs,
			);
			mainGroup = 0ADCCC0C2B65A76A008E8249;
			packageReferences = (
				0A420D462B65BE7C00B8914C /* XCRemoteSwiftPackageReference "Factory" */,
			);
			productRefGroup = 0ADCCC162B65A76A008E8249 /* Products */;
			projectDirPath = "";
			projectRoot = "";
			targets = (
				0ADCCC142B65A76A008E8249 /* StudentChrono */,
				0ADCCC262B65A76B008E8249 /* StudentChronoTests */,
				0ADCCC302B65A76B008E8249 /* StudentChronoUITests */,
			);
		};
/* End PBXProject section */

/* Begin PBXResourcesBuildPhase section */
		0ADCCC132B65A76A008E8249 /* Resources */ = {
			isa = PBXResourcesBuildPhase;
			buildActionMask = 2147483647;
			files = (
				0ADCCC562B65A8E3008E8249 /* InfoPlist.strings in Resources */,
				0ADCCC5B2B65A99F008E8249 /* LaunchScreen.storyboard in Resources */,
				0ADCCC4C2B65A88A008E8249 /* AppIcon.xcassets in Resources */,
			);
			runOnlyForDeploymentPostprocessing = 0;
		};
		0ADCCC252B65A76B008E8249 /* Resources */ = {
			isa = PBXResourcesBuildPhase;
			buildActionMask = 2147483647;
			files = (
			);
			runOnlyForDeploymentPostprocessing = 0;
		};
		0ADCCC2F2B65A76B008E8249 /* Resources */ = {
			isa = PBXResourcesBuildPhase;
			buildActionMask = 2147483647;
			files = (
			);
			runOnlyForDeploymentPostprocessing = 0;
		};
/* End PBXResourcesBuildPhase section */

/* Begin PBXSourcesBuildPhase section */
		0ADCCC112B65A76A008E8249 /* Sources */ = {
			isa = PBXSourcesBuildPhase;
			buildActionMask = 2147483647;
			files = (
				0ADCCC6C2B65B258008E8249 /* UserViewModel.swift in Sources */,
				0ADCCC6A2B65B24A008E8249 /* UserView.swift in Sources */,
				0ADCCC682B65B239008E8249 /* UserFlowController.swift in Sources */,
				0ADCCC5E2B65B197008E8249 /* AppDelegate.swift in Sources */,
				0ADCCC652B65B21E008E8249 /* MainFlowController.swift in Sources */,
				0ADCCC602B65B1F4008E8249 /* AppFlowController.swift in Sources */,
			);
			runOnlyForDeploymentPostprocessing = 0;
		};
		0ADCCC232B65A76B008E8249 /* Sources */ = {
			isa = PBXSourcesBuildPhase;
			buildActionMask = 2147483647;
			files = (
				0ADCCC2C2B65A76B008E8249 /* StudentChronoTests.swift in Sources */,
			);
			runOnlyForDeploymentPostprocessing = 0;
		};
		0ADCCC2D2B65A76B008E8249 /* Sources */ = {
			isa = PBXSourcesBuildPhase;
			buildActionMask = 2147483647;
			files = (
				0ADCCC362B65A76B008E8249 /* StudentChronoUITests.swift in Sources */,
				0ADCCC382B65A76B008E8249 /* StudentChronoUITestsLaunchTests.swift in Sources */,
			);
			runOnlyForDeploymentPostprocessing = 0;
		};
/* End PBXSourcesBuildPhase section */

/* Begin PBXTargetDependency section */
		0ADCCC292B65A76B008E8249 /* PBXTargetDependency */ = {
			isa = PBXTargetDependency;
			target = 0ADCCC142B65A76A008E8249 /* StudentChrono */;
			targetProxy = 0ADCCC282B65A76B008E8249 /* PBXContainerItemProxy */;
		};
		0ADCCC332B65A76B008E8249 /* PBXTargetDependency */ = {
			isa = PBXTargetDependency;
			target = 0ADCCC142B65A76A008E8249 /* StudentChrono */;
			targetProxy = 0ADCCC322B65A76B008E8249 /* PBXContainerItemProxy */;
		};
/* End PBXTargetDependency section */

/* Begin PBXVariantGroup section */
		0ADCCC4E2B65A8E3008E8249 /* InfoPlist.strings */ = {
			isa = PBXVariantGroup;
			children = (
				0ADCCC4F2B65A8E3008E8249 /* en */,
				0ADCCC522B65A8E3008E8249 /* cs */,
				0ADCCC532B65A8E3008E8249 /* Base */,
			);
			name = InfoPlist.strings;
			sourceTree = "<group>";
		};
/* End PBXVariantGroup section */

/* Begin XCBuildConfiguration section */
		0ADCCC392B65A76B008E8249 /* Debug */ = {
			isa = XCBuildConfiguration;
			buildSettings = {
				ALWAYS_SEARCH_USER_PATHS = NO;
				ASSETCATALOG_COMPILER_GENERATE_SWIFT_ASSET_SYMBOL_EXTENSIONS = YES;
				CLANG_ANALYZER_NONNULL = YES;
				CLANG_ANALYZER_NUMBER_OBJECT_CONVERSION = YES_AGGRESSIVE;
				CLANG_CXX_LANGUAGE_STANDARD = "gnu++20";
				CLANG_ENABLE_MODULES = YES;
				CLANG_ENABLE_OBJC_ARC = YES;
				CLANG_ENABLE_OBJC_WEAK = YES;
				CLANG_WARN_BLOCK_CAPTURE_AUTORELEASING = YES;
				CLANG_WARN_BOOL_CONVERSION = YES;
				CLANG_WARN_COMMA = YES;
				CLANG_WARN_CONSTANT_CONVERSION = YES;
				CLANG_WARN_DEPRECATED_OBJC_IMPLEMENTATIONS = YES;
				CLANG_WARN_DIRECT_OBJC_ISA_USAGE = YES_ERROR;
				CLANG_WARN_DOCUMENTATION_COMMENTS = YES;
				CLANG_WARN_EMPTY_BODY = YES;
				CLANG_WARN_ENUM_CONVERSION = YES;
				CLANG_WARN_INFINITE_RECURSION = YES;
				CLANG_WARN_INT_CONVERSION = YES;
				CLANG_WARN_NON_LITERAL_NULL_CONVERSION = YES;
				CLANG_WARN_OBJC_IMPLICIT_RETAIN_SELF = YES;
				CLANG_WARN_OBJC_LITERAL_CONVERSION = YES;
				CLANG_WARN_OBJC_ROOT_CLASS = YES_ERROR;
				CLANG_WARN_QUOTED_INCLUDE_IN_FRAMEWORK_HEADER = YES;
				CLANG_WARN_RANGE_LOOP_ANALYSIS = YES;
				CLANG_WARN_STRICT_PROTOTYPES = YES;
				CLANG_WARN_SUSPICIOUS_MOVE = YES;
				CLANG_WARN_UNGUARDED_AVAILABILITY = YES_AGGRESSIVE;
				CLANG_WARN_UNREACHABLE_CODE = YES;
				CLANG_WARN__DUPLICATE_METHOD_MATCH = YES;
				COPY_PHASE_STRIP = NO;
				DEBUG_INFORMATION_FORMAT = dwarf;
				ENABLE_STRICT_OBJC_MSGSEND = YES;
				ENABLE_TESTABILITY = YES;
				ENABLE_USER_SCRIPT_SANDBOXING = YES;
				GCC_C_LANGUAGE_STANDARD = gnu17;
				GCC_DYNAMIC_NO_PIC = NO;
				GCC_NO_COMMON_BLOCKS = YES;
				GCC_OPTIMIZATION_LEVEL = 0;
				GCC_PREPROCESSOR_DEFINITIONS = (
					"DEBUG=1",
					"$(inherited)",
				);
				GCC_WARN_64_TO_32_BIT_CONVERSION = YES;
				GCC_WARN_ABOUT_RETURN_TYPE = YES_ERROR;
				GCC_WARN_UNDECLARED_SELECTOR = YES;
				GCC_WARN_UNINITIALIZED_AUTOS = YES_AGGRESSIVE;
				GCC_WARN_UNUSED_FUNCTION = YES;
				GCC_WARN_UNUSED_VARIABLE = YES;
				INFOPLIST_FILE = Application/Info/Info.plist;
				IPHONEOS_DEPLOYMENT_TARGET = 17.0;
				LOCALIZATION_PREFERS_STRING_CATALOGS = YES;
				MTL_ENABLE_DEBUG_INFO = INCLUDE_SOURCE;
				MTL_FAST_MATH = YES;
				ONLY_ACTIVE_ARCH = YES;
				SDKROOT = iphoneos;
				SWIFT_ACTIVE_COMPILATION_CONDITIONS = "DEBUG $(inherited)";
				SWIFT_INSTALL_OBJC_HEADER = NO;
				SWIFT_OBJC_INTERFACE_HEADER_NAME = "";
				SWIFT_OPTIMIZATION_LEVEL = "-Onone";
				SWIFT_PRECOMPILE_BRIDGING_HEADER = NO;
			};
			name = Debug;
		};
		0ADCCC3A2B65A76B008E8249 /* Release */ = {
			isa = XCBuildConfiguration;
			buildSettings = {
				ALWAYS_SEARCH_USER_PATHS = NO;
				ASSETCATALOG_COMPILER_GENERATE_SWIFT_ASSET_SYMBOL_EXTENSIONS = YES;
				CLANG_ANALYZER_NONNULL = YES;
				CLANG_ANALYZER_NUMBER_OBJECT_CONVERSION = YES_AGGRESSIVE;
				CLANG_CXX_LANGUAGE_STANDARD = "gnu++20";
				CLANG_ENABLE_MODULES = YES;
				CLANG_ENABLE_OBJC_ARC = YES;
				CLANG_ENABLE_OBJC_WEAK = YES;
				CLANG_WARN_BLOCK_CAPTURE_AUTORELEASING = YES;
				CLANG_WARN_BOOL_CONVERSION = YES;
				CLANG_WARN_COMMA = YES;
				CLANG_WARN_CONSTANT_CONVERSION = YES;
				CLANG_WARN_DEPRECATED_OBJC_IMPLEMENTATIONS = YES;
				CLANG_WARN_DIRECT_OBJC_ISA_USAGE = YES_ERROR;
				CLANG_WARN_DOCUMENTATION_COMMENTS = YES;
				CLANG_WARN_EMPTY_BODY = YES;
				CLANG_WARN_ENUM_CONVERSION = YES;
				CLANG_WARN_INFINITE_RECURSION = YES;
				CLANG_WARN_INT_CONVERSION = YES;
				CLANG_WARN_NON_LITERAL_NULL_CONVERSION = YES;
				CLANG_WARN_OBJC_IMPLICIT_RETAIN_SELF = YES;
				CLANG_WARN_OBJC_LITERAL_CONVERSION = YES;
				CLANG_WARN_OBJC_ROOT_CLASS = YES_ERROR;
				CLANG_WARN_QUOTED_INCLUDE_IN_FRAMEWORK_HEADER = YES;
				CLANG_WARN_RANGE_LOOP_ANALYSIS = YES;
				CLANG_WARN_STRICT_PROTOTYPES = YES;
				CLANG_WARN_SUSPICIOUS_MOVE = YES;
				CLANG_WARN_UNGUARDED_AVAILABILITY = YES_AGGRESSIVE;
				CLANG_WARN_UNREACHABLE_CODE = YES;
				CLANG_WARN__DUPLICATE_METHOD_MATCH = YES;
				COPY_PHASE_STRIP = NO;
				DEBUG_INFORMATION_FORMAT = "dwarf-with-dsym";
				ENABLE_NS_ASSERTIONS = NO;
				ENABLE_STRICT_OBJC_MSGSEND = YES;
				ENABLE_USER_SCRIPT_SANDBOXING = YES;
				GCC_C_LANGUAGE_STANDARD = gnu17;
				GCC_NO_COMMON_BLOCKS = YES;
				GCC_WARN_64_TO_32_BIT_CONVERSION = YES;
				GCC_WARN_ABOUT_RETURN_TYPE = YES_ERROR;
				GCC_WARN_UNDECLARED_SELECTOR = YES;
				GCC_WARN_UNINITIALIZED_AUTOS = YES_AGGRESSIVE;
				GCC_WARN_UNUSED_FUNCTION = YES;
				GCC_WARN_UNUSED_VARIABLE = YES;
				INFOPLIST_FILE = Application/Info/Info.plist;
				IPHONEOS_DEPLOYMENT_TARGET = 17.0;
				LOCALIZATION_PREFERS_STRING_CATALOGS = YES;
				MTL_ENABLE_DEBUG_INFO = NO;
				MTL_FAST_MATH = YES;
				SDKROOT = iphoneos;
				SWIFT_COMPILATION_MODE = wholemodule;
				SWIFT_INSTALL_OBJC_HEADER = NO;
				SWIFT_OBJC_INTERFACE_HEADER_NAME = "";
				SWIFT_PRECOMPILE_BRIDGING_HEADER = NO;
				VALIDATE_PRODUCT = YES;
			};
			name = Release;
		};
		0ADCCC3C2B65A76B008E8249 /* Debug */ = {
			isa = XCBuildConfiguration;
			buildSettings = {
				ASSETCATALOG_COMPILER_APPICON_NAME = "AppIcon-Beta";
				ASSETCATALOG_COMPILER_GLOBAL_ACCENT_COLOR_NAME = AccentColor;
				CLANG_ENABLE_MODULES = NO;
				CLANG_ENABLE_MODULE_DEBUGGING = NO;
				CODE_SIGN_STYLE = Automatic;
				CURRENT_PROJECT_VERSION = 1;
				DEVELOPMENT_TEAM = 3FV5J94G7D;
				ENABLE_PREVIEWS = YES;
				GENERATE_INFOPLIST_FILE = NO;
				INFOPLIST_FILE = Application/Info/Info.plist;
				INFOPLIST_PREPROCESS = NO;
				IPHONEOS_DEPLOYMENT_TARGET = 17.0;
				LD_RUNPATH_SEARCH_PATHS = (
					"$(inherited)",
					"@executable_path/Frameworks",
				);
				MARKETING_VERSION = 1.0;
				PRODUCT_BUNDLE_IDENTIFIER = com.maxkup19.StudentChrono.debug;
				PRODUCT_NAME = "$(TARGET_NAME)";
				SUPPORTED_PLATFORMS = "iphoneos iphonesimulator";
				SUPPORTS_MACCATALYST = NO;
				SUPPORTS_MAC_DESIGNED_FOR_IPHONE_IPAD = NO;
				SWIFT_EMIT_LOC_STRINGS = YES;
				SWIFT_INSTALL_OBJC_HEADER = NO;
				SWIFT_OBJC_INTERFACE_HEADER_NAME = "";
				SWIFT_OPTIMIZATION_LEVEL = "-Onone";
				SWIFT_PRECOMPILE_BRIDGING_HEADER = NO;
				SWIFT_VERSION = 5.0;
				TARGETED_DEVICE_FAMILY = 1;
			};
			name = Debug;
		};
		0ADCCC3D2B65A76B008E8249 /* Release */ = {
			isa = XCBuildConfiguration;
			buildSettings = {
				ASSETCATALOG_COMPILER_APPICON_NAME = AppIcon;
				ASSETCATALOG_COMPILER_GLOBAL_ACCENT_COLOR_NAME = AccentColor;
				CLANG_ENABLE_MODULES = NO;
				CLANG_ENABLE_MODULE_DEBUGGING = NO;
				CODE_SIGN_STYLE = Automatic;
				CURRENT_PROJECT_VERSION = 1;
				DEVELOPMENT_TEAM = 3FV5J94G7D;
				ENABLE_PREVIEWS = YES;
				GENERATE_INFOPLIST_FILE = NO;
				INFOPLIST_FILE = Application/Info/Info.plist;
				INFOPLIST_PREPROCESS = NO;
				IPHONEOS_DEPLOYMENT_TARGET = 17.0;
				LD_RUNPATH_SEARCH_PATHS = (
					"$(inherited)",
					"@executable_path/Frameworks",
				);
				MARKETING_VERSION = 1.0;
				PRODUCT_BUNDLE_IDENTIFIER = com.maxkup19.StudentChrono;
				PRODUCT_NAME = "$(TARGET_NAME)";
				SUPPORTED_PLATFORMS = "iphoneos iphonesimulator";
				SUPPORTS_MACCATALYST = NO;
				SUPPORTS_MAC_DESIGNED_FOR_IPHONE_IPAD = NO;
				SWIFT_EMIT_LOC_STRINGS = YES;
				SWIFT_INSTALL_OBJC_HEADER = NO;
				SWIFT_OBJC_INTERFACE_HEADER_NAME = "";
				SWIFT_PRECOMPILE_BRIDGING_HEADER = NO;
				SWIFT_VERSION = 5.0;
				TARGETED_DEVICE_FAMILY = 1;
			};
			name = Release;
		};
		0ADCCC3F2B65A76B008E8249 /* Debug */ = {
			isa = XCBuildConfiguration;
			buildSettings = {
				ALWAYS_EMBED_SWIFT_STANDARD_LIBRARIES = YES;
				BUNDLE_LOADER = "$(TEST_HOST)";
				CODE_SIGN_STYLE = Automatic;
				CURRENT_PROJECT_VERSION = 1;
				DEVELOPMENT_TEAM = 3FV5J94G7D;
				GENERATE_INFOPLIST_FILE = YES;
				IPHONEOS_DEPLOYMENT_TARGET = 17.2;
				MARKETING_VERSION = 1.0;
				PRODUCT_BUNDLE_IDENTIFIER = com.maxkup19.StudentChronoTests;
				PRODUCT_NAME = "$(TARGET_NAME)";
				SWIFT_EMIT_LOC_STRINGS = NO;
				SWIFT_VERSION = 5.0;
				TARGETED_DEVICE_FAMILY = "1,2";
				TEST_HOST = "$(BUILT_PRODUCTS_DIR)/StudentChrono.app/$(BUNDLE_EXECUTABLE_FOLDER_PATH)/StudentChrono";
			};
			name = Debug;
		};
		0ADCCC402B65A76B008E8249 /* Release */ = {
			isa = XCBuildConfiguration;
			buildSettings = {
				ALWAYS_EMBED_SWIFT_STANDARD_LIBRARIES = YES;
				BUNDLE_LOADER = "$(TEST_HOST)";
				CODE_SIGN_STYLE = Automatic;
				CURRENT_PROJECT_VERSION = 1;
				DEVELOPMENT_TEAM = 3FV5J94G7D;
				GENERATE_INFOPLIST_FILE = YES;
				IPHONEOS_DEPLOYMENT_TARGET = 17.2;
				MARKETING_VERSION = 1.0;
				PRODUCT_BUNDLE_IDENTIFIER = com.maxkup19.StudentChronoTests;
				PRODUCT_NAME = "$(TARGET_NAME)";
				SWIFT_EMIT_LOC_STRINGS = NO;
				SWIFT_VERSION = 5.0;
				TARGETED_DEVICE_FAMILY = "1,2";
				TEST_HOST = "$(BUILT_PRODUCTS_DIR)/StudentChrono.app/$(BUNDLE_EXECUTABLE_FOLDER_PATH)/StudentChrono";
			};
			name = Release;
		};
		0ADCCC422B65A76B008E8249 /* Debug */ = {
			isa = XCBuildConfiguration;
			buildSettings = {
				ALWAYS_EMBED_SWIFT_STANDARD_LIBRARIES = YES;
				CODE_SIGN_STYLE = Automatic;
				CURRENT_PROJECT_VERSION = 1;
				DEVELOPMENT_TEAM = 3FV5J94G7D;
				GENERATE_INFOPLIST_FILE = YES;
				MARKETING_VERSION = 1.0;
				PRODUCT_BUNDLE_IDENTIFIER = com.maxkup19.StudentChronoUITests;
				PRODUCT_NAME = "$(TARGET_NAME)";
				SWIFT_EMIT_LOC_STRINGS = NO;
				SWIFT_VERSION = 5.0;
				TARGETED_DEVICE_FAMILY = "1,2";
				TEST_TARGET_NAME = StudentChrono;
			};
			name = Debug;
		};
		0ADCCC432B65A76B008E8249 /* Release */ = {
			isa = XCBuildConfiguration;
			buildSettings = {
				ALWAYS_EMBED_SWIFT_STANDARD_LIBRARIES = YES;
				CODE_SIGN_STYLE = Automatic;
				CURRENT_PROJECT_VERSION = 1;
				DEVELOPMENT_TEAM = 3FV5J94G7D;
				GENERATE_INFOPLIST_FILE = YES;
				MARKETING_VERSION = 1.0;
				PRODUCT_BUNDLE_IDENTIFIER = com.maxkup19.StudentChronoUITests;
				PRODUCT_NAME = "$(TARGET_NAME)";
				SWIFT_EMIT_LOC_STRINGS = NO;
				SWIFT_VERSION = 5.0;
				TARGETED_DEVICE_FAMILY = "1,2";
				TEST_TARGET_NAME = StudentChrono;
			};
			name = Release;
		};
/* End XCBuildConfiguration section */

/* Begin XCConfigurationList section */
		0ADCCC102B65A76A008E8249 /* Build configuration list for PBXProject "StudentChrono" */ = {
			isa = XCConfigurationList;
			buildConfigurations = (
				0ADCCC392B65A76B008E8249 /* Debug */,
				0ADCCC3A2B65A76B008E8249 /* Release */,
			);
			defaultConfigurationIsVisible = 0;
			defaultConfigurationName = Release;
		};
		0ADCCC3B2B65A76B008E8249 /* Build configuration list for PBXNativeTarget "StudentChrono" */ = {
			isa = XCConfigurationList;
			buildConfigurations = (
				0ADCCC3C2B65A76B008E8249 /* Debug */,
				0ADCCC3D2B65A76B008E8249 /* Release */,
			);
			defaultConfigurationIsVisible = 0;
			defaultConfigurationName = Release;
		};
		0ADCCC3E2B65A76B008E8249 /* Build configuration list for PBXNativeTarget "StudentChronoTests" */ = {
			isa = XCConfigurationList;
			buildConfigurations = (
				0ADCCC3F2B65A76B008E8249 /* Debug */,
				0ADCCC402B65A76B008E8249 /* Release */,
			);
			defaultConfigurationIsVisible = 0;
			defaultConfigurationName = Release;
		};
		0ADCCC412B65A76B008E8249 /* Build configuration list for PBXNativeTarget "StudentChronoUITests" */ = {
			isa = XCConfigurationList;
			buildConfigurations = (
				0ADCCC422B65A76B008E8249 /* Debug */,
				0ADCCC432B65A76B008E8249 /* Release */,
			);
			defaultConfigurationIsVisible = 0;
			defaultConfigurationName = Release;
		};
/* End XCConfigurationList section */

/* Begin XCRemoteSwiftPackageReference section */
		0A420D462B65BE7C00B8914C /* XCRemoteSwiftPackageReference "Factory" */ = {
			isa = XCRemoteSwiftPackageReference;
			repositoryURL = "https://github.com/hmlongco/Factory";
			requirement = {
				kind = upToNextMajorVersion;
				minimumVersion = 2.3.1;
			};
		};
/* End XCRemoteSwiftPackageReference section */

/* Begin XCSwiftPackageProductDependency section */
		0A3DA7D52B7118B90096F982 /* KeychainProvider */ = {
			isa = XCSwiftPackageProductDependency;
			productName = KeychainProvider;
		};
		0A3DA7DA2B7119EE0096F982 /* Utilities */ = {
			isa = XCSwiftPackageProductDependency;
			productName = Utilities;
		};
		0A420D422B65BE6C00B8914C /* UIToolkit */ = {
			isa = XCSwiftPackageProductDependency;
			productName = UIToolkit;
		};
		0A420D472B65BE7C00B8914C /* Factory */ = {
			isa = XCSwiftPackageProductDependency;
			package = 0A420D462B65BE7C00B8914C /* XCRemoteSwiftPackageReference "Factory" */;
			productName = Factory;
		};
		0A571B452B711F86006A3932 /* UserDefaultsProvider */ = {
			isa = XCSwiftPackageProductDependency;
			productName = UserDefaultsProvider;
		};
		0A571B472B711FC3006A3932 /* DependencyInjection */ = {
			isa = XCSwiftPackageProductDependency;
			productName = DependencyInjection;
		};
/* End XCSwiftPackageProductDependency section */
	};
	rootObject = 0ADCCC0D2B65A76A008E8249 /* Project object */;
}
